
Microsoft Visual Studio Solution File, Format Version 12.00
# Visual Studio Version 17
VisualStudioVersion = 17.0.31903.59
MinimumVisualStudioVersion = 10.0.40219.1
Project("{2150E333-8FDC-42A3-9474-1A3956D46DE8}") = "src", "src", "{827E0CD3-B72D-47B6-A68D-7590B98EB39B}"
EndProject
Project("{2150E333-8FDC-42A3-9474-1A3956D46DE8}") = "Modules", "Modules", "{EC447DCF-ABFA-6E24-52A5-D7FD48A5C558}"
EndProject
Project("{2150E333-8FDC-42A3-9474-1A3956D46DE8}") = "Delivery", "Delivery", "{75CCF984-CC24-0CB6-2FE4-5CB2D9F94FE4}"
EndProject
Project("{FAE04EC0-301F-11D3-BF4B-00C04F79EFBC}") = "SantaClaus.Delivery.Domain", "src\Modules\Delivery\SantaClaus.Delivery.Domain\SantaClaus.Delivery.Domain.csproj", "{F405D23F-50E4-4A58-A3AE-B9AD08124B2A}"
EndProject
Project("{FAE04EC0-301F-11D3-BF4B-00C04F79EFBC}") = "SantaClaus.Delivery.Facade", "src\Modules\Delivery\SantaClaus.Delivery.Facade\SantaClaus.Delivery.Facade.csproj", "{7356893A-3B48-417E-B6BE-3955F133DCFF}"
EndProject
Project("{FAE04EC0-301F-11D3-BF4B-00C04F79EFBC}") = "SantaClaus.Delivery.Infrastructure", "src\Modules\Delivery\SantaClaus.Delivery.Infrastructure\SantaClaus.Delivery.Infrastructure.csproj", "{A6B5A288-CBA4-4675-90C8-3AA641F07B0F}"
EndProject
Project("{FAE04EC0-301F-11D3-BF4B-00C04F79EFBC}") = "SantaClaus.Delivery.ReadModel", "src\Modules\Delivery\SantaClaus.Delivery.ReadModel\SantaClaus.Delivery.ReadModel.csproj", "{33C3471C-F9A6-4EA8-B8B8-5658B3789768}"
EndProject
Project("{FAE04EC0-301F-11D3-BF4B-00C04F79EFBC}") = "SantaClaus.Delivery.SharedKernel", "src\Modules\Delivery\SantaClaus.Delivery.SharedKernel\SantaClaus.Delivery.SharedKernel.csproj", "{838A89C4-7530-49DD-B0A7-E4042F9D891D}"
EndProject
Project("{2150E333-8FDC-42A3-9474-1A3956D46DE8}") = "Marketing", "Marketing", "{C9724487-78E3-24FA-CA4C-3D127A62BE6E}"
EndProject
Project("{FAE04EC0-301F-11D3-BF4B-00C04F79EFBC}") = "SantaClaus.Marketing.Domain", "src\Modules\Marketing\SantaClaus.Marketing.Domain\SantaClaus.Marketing.Domain.csproj", "{A0C5ADE6-EB55-45C3-9DFE-2752F5590AD5}"
EndProject
Project("{FAE04EC0-301F-11D3-BF4B-00C04F79EFBC}") = "SantaClaus.Marketing.Facade", "src\Modules\Marketing\SantaClaus.Marketing.Facade\SantaClaus.Marketing.Facade.csproj", "{73F378B3-4C0A-40D1-B595-7E81D62F0E33}"
EndProject
Project("{FAE04EC0-301F-11D3-BF4B-00C04F79EFBC}") = "SantaClaus.Marketing.Infrastructure", "src\Modules\Marketing\SantaClaus.Marketing.Infrastructure\SantaClaus.Marketing.Infrastructure.csproj", "{1E91697E-CFBA-47C0-8FE8-23BFE7F311A7}"
EndProject
Project("{FAE04EC0-301F-11D3-BF4B-00C04F79EFBC}") = "SantaClaus.Marketing.ReadModel", "src\Modules\Marketing\SantaClaus.Marketing.ReadModel\SantaClaus.Marketing.ReadModel.csproj", "{3FCA38B5-68D9-4C53-BD5A-8552A61C1881}"
EndProject
Project("{FAE04EC0-301F-11D3-BF4B-00C04F79EFBC}") = "SantaClaus.Marketing.SharedKernel", "src\Modules\Marketing\SantaClaus.Marketing.SharedKernel\SantaClaus.Marketing.SharedKernel.csproj", "{B9365EDD-5A66-4282-ACE6-0A94DDE270A5}"
EndProject
Project("{2150E333-8FDC-42A3-9474-1A3956D46DE8}") = "Production", "Production", "{FC15485C-DEDA-FAD7-9DC0-92F66DE2726C}"
EndProject
Project("{FAE04EC0-301F-11D3-BF4B-00C04F79EFBC}") = "SantaClaus.Production.Domain", "src\Modules\Production\SantaClaus.Production.Domain\SantaClaus.Production.Domain.csproj", "{296F6F27-F360-4489-8F3B-30B6C8DEE093}"
EndProject
Project("{FAE04EC0-301F-11D3-BF4B-00C04F79EFBC}") = "SantaClaus.Production.Facade", "src\Modules\Production\SantaClaus.Production.Facade\SantaClaus.Production.Facade.csproj", "{B56EFCA4-7C77-4A97-BD2B-34AABD13AB14}"
EndProject
Project("{FAE04EC0-301F-11D3-BF4B-00C04F79EFBC}") = "SantaClaus.Production.Infrastructure", "src\Modules\Production\SantaClaus.Production.Infrastructure\SantaClaus.Production.Infrastructure.csproj", "{879C6C9A-5D7A-451E-8AB4-FC4B884C004A}"
EndProject
Project("{FAE04EC0-301F-11D3-BF4B-00C04F79EFBC}") = "SantaClaus.Production.ReadModel", "src\Modules\Production\SantaClaus.Production.ReadModel\SantaClaus.Production.ReadModel.csproj", "{FC2F695E-D78D-47C4-86CC-5415E6336C19}"
EndProject
Project("{FAE04EC0-301F-11D3-BF4B-00C04F79EFBC}") = "SantaClaus.Production.SharedKernel", "src\Modules\Production\SantaClaus.Production.SharedKernel\SantaClaus.Production.SharedKernel.csproj", "{42E32A0A-8F79-4DB1-AF3A-D20868EC640B}"
EndProject
Project("{FAE04EC0-301F-11D3-BF4B-00C04F79EFBC}") = "SantaClaus.Infrastructure", "src\SantaClaus.Infrastructure\SantaClaus.Infrastructure.csproj", "{3A2727CD-69FF-4CF5-B019-54EAAEE8DE26}"
EndProject
Project("{FAE04EC0-301F-11D3-BF4B-00C04F79EFBC}") = "SantaClaus.Rest", "src\SantaClaus.Rest\SantaClaus.Rest.csproj", "{5730D324-C502-4D23-99D2-834F53836EF2}"
EndProject
Project("{FAE04EC0-301F-11D3-BF4B-00C04F79EFBC}") = "SantaClaus.Shared", "src\SantaClaus.Shared\SantaClaus.Shared.csproj", "{D59CC83E-B633-459B-BBD7-CD69E43EDED6}"
EndProject
Global
	GlobalSection(SolutionConfigurationPlatforms) = preSolution
		Debug|Any CPU = Debug|Any CPU
		Debug|x64 = Debug|x64
		Debug|x86 = Debug|x86
		Release|Any CPU = Release|Any CPU
		Release|x64 = Release|x64
		Release|x86 = Release|x86
	EndGlobalSection
	GlobalSection(ProjectConfigurationPlatforms) = postSolution
		{F405D23F-50E4-4A58-A3AE-B9AD08124B2A}.Debug|Any CPU.ActiveCfg = Debug|Any CPU
		{F405D23F-50E4-4A58-A3AE-B9AD08124B2A}.Debug|Any CPU.Build.0 = Debug|Any CPU
		{F405D23F-50E4-4A58-A3AE-B9AD08124B2A}.Debug|x64.ActiveCfg = Debug|Any CPU
		{F405D23F-50E4-4A58-A3AE-B9AD08124B2A}.Debug|x64.Build.0 = Debug|Any CPU
		{F405D23F-50E4-4A58-A3AE-B9AD08124B2A}.Debug|x86.ActiveCfg = Debug|Any CPU
		{F405D23F-50E4-4A58-A3AE-B9AD08124B2A}.Debug|x86.Build.0 = Debug|Any CPU
		{F405D23F-50E4-4A58-A3AE-B9AD08124B2A}.Release|Any CPU.ActiveCfg = Release|Any CPU
		{F405D23F-50E4-4A58-A3AE-B9AD08124B2A}.Release|Any CPU.Build.0 = Release|Any CPU
		{F405D23F-50E4-4A58-A3AE-B9AD08124B2A}.Release|x64.ActiveCfg = Release|Any CPU
		{F405D23F-50E4-4A58-A3AE-B9AD08124B2A}.Release|x64.Build.0 = Release|Any CPU
		{F405D23F-50E4-4A58-A3AE-B9AD08124B2A}.Release|x86.ActiveCfg = Release|Any CPU
		{F405D23F-50E4-4A58-A3AE-B9AD08124B2A}.Release|x86.Build.0 = Release|Any CPU
		{7356893A-3B48-417E-B6BE-3955F133DCFF}.Debug|Any CPU.ActiveCfg = Debug|Any CPU
		{7356893A-3B48-417E-B6BE-3955F133DCFF}.Debug|Any CPU.Build.0 = Debug|Any CPU
		{7356893A-3B48-417E-B6BE-3955F133DCFF}.Debug|x64.ActiveCfg = Debug|Any CPU
		{7356893A-3B48-417E-B6BE-3955F133DCFF}.Debug|x64.Build.0 = Debug|Any CPU
		{7356893A-3B48-417E-B6BE-3955F133DCFF}.Debug|x86.ActiveCfg = Debug|Any CPU
		{7356893A-3B48-417E-B6BE-3955F133DCFF}.Debug|x86.Build.0 = Debug|Any CPU
		{7356893A-3B48-417E-B6BE-3955F133DCFF}.Release|Any CPU.ActiveCfg = Release|Any CPU
		{7356893A-3B48-417E-B6BE-3955F133DCFF}.Release|Any CPU.Build.0 = Release|Any CPU
		{7356893A-3B48-417E-B6BE-3955F133DCFF}.Release|x64.ActiveCfg = Release|Any CPU
		{7356893A-3B48-417E-B6BE-3955F133DCFF}.Release|x64.Build.0 = Release|Any CPU
		{7356893A-3B48-417E-B6BE-3955F133DCFF}.Release|x86.ActiveCfg = Release|Any CPU
		{7356893A-3B48-417E-B6BE-3955F133DCFF}.Release|x86.Build.0 = Release|Any CPU
		{A6B5A288-CBA4-4675-90C8-3AA641F07B0F}.Debug|Any CPU.ActiveCfg = Debug|Any CPU
		{A6B5A288-CBA4-4675-90C8-3AA641F07B0F}.Debug|Any CPU.Build.0 = Debug|Any CPU
		{A6B5A288-CBA4-4675-90C8-3AA641F07B0F}.Debug|x64.ActiveCfg = Debug|Any CPU
		{A6B5A288-CBA4-4675-90C8-3AA641F07B0F}.Debug|x64.Build.0 = Debug|Any CPU
		{A6B5A288-CBA4-4675-90C8-3AA641F07B0F}.Debug|x86.ActiveCfg = Debug|Any CPU
		{A6B5A288-CBA4-4675-90C8-3AA641F07B0F}.Debug|x86.Build.0 = Debug|Any CPU
		{A6B5A288-CBA4-4675-90C8-3AA641F07B0F}.Release|Any CPU.ActiveCfg = Release|Any CPU
		{A6B5A288-CBA4-4675-90C8-3AA641F07B0F}.Release|Any CPU.Build.0 = Release|Any CPU
		{A6B5A288-CBA4-4675-90C8-3AA641F07B0F}.Release|x64.ActiveCfg = Release|Any CPU
		{A6B5A288-CBA4-4675-90C8-3AA641F07B0F}.Release|x64.Build.0 = Release|Any CPU
		{A6B5A288-CBA4-4675-90C8-3AA641F07B0F}.Release|x86.ActiveCfg = Release|Any CPU
		{A6B5A288-CBA4-4675-90C8-3AA641F07B0F}.Release|x86.Build.0 = Release|Any CPU
		{33C3471C-F9A6-4EA8-B8B8-5658B3789768}.Debug|Any CPU.ActiveCfg = Debug|Any CPU
		{33C3471C-F9A6-4EA8-B8B8-5658B3789768}.Debug|Any CPU.Build.0 = Debug|Any CPU
		{33C3471C-F9A6-4EA8-B8B8-5658B3789768}.Debug|x64.ActiveCfg = Debug|Any CPU
		{33C3471C-F9A6-4EA8-B8B8-5658B3789768}.Debug|x64.Build.0 = Debug|Any CPU
		{33C3471C-F9A6-4EA8-B8B8-5658B3789768}.Debug|x86.ActiveCfg = Debug|Any CPU
		{33C3471C-F9A6-4EA8-B8B8-5658B3789768}.Debug|x86.Build.0 = Debug|Any CPU
		{33C3471C-F9A6-4EA8-B8B8-5658B3789768}.Release|Any CPU.ActiveCfg = Release|Any CPU
		{33C3471C-F9A6-4EA8-B8B8-5658B3789768}.Release|Any CPU.Build.0 = Release|Any CPU
		{33C3471C-F9A6-4EA8-B8B8-5658B3789768}.Release|x64.ActiveCfg = Release|Any CPU
		{33C3471C-F9A6-4EA8-B8B8-5658B3789768}.Release|x64.Build.0 = Release|Any CPU
		{33C3471C-F9A6-4EA8-B8B8-5658B3789768}.Release|x86.ActiveCfg = Release|Any CPU
		{33C3471C-F9A6-4EA8-B8B8-5658B3789768}.Release|x86.Build.0 = Release|Any CPU
		{838A89C4-7530-49DD-B0A7-E4042F9D891D}.Debug|Any CPU.ActiveCfg = Debug|Any CPU
		{838A89C4-7530-49DD-B0A7-E4042F9D891D}.Debug|Any CPU.Build.0 = Debug|Any CPU
		{838A89C4-7530-49DD-B0A7-E4042F9D891D}.Debug|x64.ActiveCfg = Debug|Any CPU
		{838A89C4-7530-49DD-B0A7-E4042F9D891D}.Debug|x64.Build.0 = Debug|Any CPU
		{838A89C4-7530-49DD-B0A7-E4042F9D891D}.Debug|x86.ActiveCfg = Debug|Any CPU
		{838A89C4-7530-49DD-B0A7-E4042F9D891D}.Debug|x86.Build.0 = Debug|Any CPU
		{838A89C4-7530-49DD-B0A7-E4042F9D891D}.Release|Any CPU.ActiveCfg = Release|Any CPU
		{838A89C4-7530-49DD-B0A7-E4042F9D891D}.Release|Any CPU.Build.0 = Release|Any CPU
		{838A89C4-7530-49DD-B0A7-E4042F9D891D}.Release|x64.ActiveCfg = Release|Any CPU
		{838A89C4-7530-49DD-B0A7-E4042F9D891D}.Release|x64.Build.0 = Release|Any CPU
		{838A89C4-7530-49DD-B0A7-E4042F9D891D}.Release|x86.ActiveCfg = Release|Any CPU
		{838A89C4-7530-49DD-B0A7-E4042F9D891D}.Release|x86.Build.0 = Release|Any CPU
		{A0C5ADE6-EB55-45C3-9DFE-2752F5590AD5}.Debug|Any CPU.ActiveCfg = Debug|Any CPU
		{A0C5ADE6-EB55-45C3-9DFE-2752F5590AD5}.Debug|Any CPU.Build.0 = Debug|Any CPU
		{A0C5ADE6-EB55-45C3-9DFE-2752F5590AD5}.Debug|x64.ActiveCfg = Debug|Any CPU
		{A0C5ADE6-EB55-45C3-9DFE-2752F5590AD5}.Debug|x64.Build.0 = Debug|Any CPU
		{A0C5ADE6-EB55-45C3-9DFE-2752F5590AD5}.Debug|x86.ActiveCfg = Debug|Any CPU
		{A0C5ADE6-EB55-45C3-9DFE-2752F5590AD5}.Debug|x86.Build.0 = Debug|Any CPU
		{A0C5ADE6-EB55-45C3-9DFE-2752F5590AD5}.Release|Any CPU.ActiveCfg = Release|Any CPU
		{A0C5ADE6-EB55-45C3-9DFE-2752F5590AD5}.Release|Any CPU.Build.0 = Release|Any CPU
		{A0C5ADE6-EB55-45C3-9DFE-2752F5590AD5}.Release|x64.ActiveCfg = Release|Any CPU
		{A0C5ADE6-EB55-45C3-9DFE-2752F5590AD5}.Release|x64.Build.0 = Release|Any CPU
		{A0C5ADE6-EB55-45C3-9DFE-2752F5590AD5}.Release|x86.ActiveCfg = Release|Any CPU
		{A0C5ADE6-EB55-45C3-9DFE-2752F5590AD5}.Release|x86.Build.0 = Release|Any CPU
		{73F378B3-4C0A-40D1-B595-7E81D62F0E33}.Debug|Any CPU.ActiveCfg = Debug|Any CPU
		{73F378B3-4C0A-40D1-B595-7E81D62F0E33}.Debug|Any CPU.Build.0 = Debug|Any CPU
		{73F378B3-4C0A-40D1-B595-7E81D62F0E33}.Debug|x64.ActiveCfg = Debug|Any CPU
		{73F378B3-4C0A-40D1-B595-7E81D62F0E33}.Debug|x64.Build.0 = Debug|Any CPU
		{73F378B3-4C0A-40D1-B595-7E81D62F0E33}.Debug|x86.ActiveCfg = Debug|Any CPU
		{73F378B3-4C0A-40D1-B595-7E81D62F0E33}.Debug|x86.Build.0 = Debug|Any CPU
		{73F378B3-4C0A-40D1-B595-7E81D62F0E33}.Release|Any CPU.ActiveCfg = Release|Any CPU
		{73F378B3-4C0A-40D1-B595-7E81D62F0E33}.Release|Any CPU.Build.0 = Release|Any CPU
		{73F378B3-4C0A-40D1-B595-7E81D62F0E33}.Release|x64.ActiveCfg = Release|Any CPU
		{73F378B3-4C0A-40D1-B595-7E81D62F0E33}.Release|x64.Build.0 = Release|Any CPU
		{73F378B3-4C0A-40D1-B595-7E81D62F0E33}.Release|x86.ActiveCfg = Release|Any CPU
		{73F378B3-4C0A-40D1-B595-7E81D62F0E33}.Release|x86.Build.0 = Release|Any CPU
		{1E91697E-CFBA-47C0-8FE8-23BFE7F311A7}.Debug|Any CPU.ActiveCfg = Debug|Any CPU
		{1E91697E-CFBA-47C0-8FE8-23BFE7F311A7}.Debug|Any CPU.Build.0 = Debug|Any CPU
		{1E91697E-CFBA-47C0-8FE8-23BFE7F311A7}.Debug|x64.ActiveCfg = Debug|Any CPU
		{1E91697E-CFBA-47C0-8FE8-23BFE7F311A7}.Debug|x64.Build.0 = Debug|Any CPU
		{1E91697E-CFBA-47C0-8FE8-23BFE7F311A7}.Debug|x86.ActiveCfg = Debug|Any CPU
		{1E91697E-CFBA-47C0-8FE8-23BFE7F311A7}.Debug|x86.Build.0 = Debug|Any CPU
		{1E91697E-CFBA-47C0-8FE8-23BFE7F311A7}.Release|Any CPU.ActiveCfg = Release|Any CPU
		{1E91697E-CFBA-47C0-8FE8-23BFE7F311A7}.Release|Any CPU.Build.0 = Release|Any CPU
		{1E91697E-CFBA-47C0-8FE8-23BFE7F311A7}.Release|x64.ActiveCfg = Release|Any CPU
		{1E91697E-CFBA-47C0-8FE8-23BFE7F311A7}.Release|x64.Build.0 = Release|Any CPU
		{1E91697E-CFBA-47C0-8FE8-23BFE7F311A7}.Release|x86.ActiveCfg = Release|Any CPU
		{1E91697E-CFBA-47C0-8FE8-23BFE7F311A7}.Release|x86.Build.0 = Release|Any CPU
		{3FCA38B5-68D9-4C53-BD5A-8552A61C1881}.Debug|Any CPU.ActiveCfg = Debug|Any CPU
		{3FCA38B5-68D9-4C53-BD5A-8552A61C1881}.Debug|Any CPU.Build.0 = Debug|Any CPU
		{3FCA38B5-68D9-4C53-BD5A-8552A61C1881}.Debug|x64.ActiveCfg = Debug|Any CPU
		{3FCA38B5-68D9-4C53-BD5A-8552A61C1881}.Debug|x64.Build.0 = Debug|Any CPU
		{3FCA38B5-68D9-4C53-BD5A-8552A61C1881}.Debug|x86.ActiveCfg = Debug|Any CPU
		{3FCA38B5-68D9-4C53-BD5A-8552A61C1881}.Debug|x86.Build.0 = Debug|Any CPU
		{3FCA38B5-68D9-4C53-BD5A-8552A61C1881}.Release|Any CPU.ActiveCfg = Release|Any CPU
		{3FCA38B5-68D9-4C53-BD5A-8552A61C1881}.Release|Any CPU.Build.0 = Release|Any CPU
		{3FCA38B5-68D9-4C53-BD5A-8552A61C1881}.Release|x64.ActiveCfg = Release|Any CPU
		{3FCA38B5-68D9-4C53-BD5A-8552A61C1881}.Release|x64.Build.0 = Release|Any CPU
		{3FCA38B5-68D9-4C53-BD5A-8552A61C1881}.Release|x86.ActiveCfg = Release|Any CPU
		{3FCA38B5-68D9-4C53-BD5A-8552A61C1881}.Release|x86.Build.0 = Release|Any CPU
		{B9365EDD-5A66-4282-ACE6-0A94DDE270A5}.Debug|Any CPU.ActiveCfg = Debug|Any CPU
		{B9365EDD-5A66-4282-ACE6-0A94DDE270A5}.Debug|Any CPU.Build.0 = Debug|Any CPU
		{B9365EDD-5A66-4282-ACE6-0A94DDE270A5}.Debug|x64.ActiveCfg = Debug|Any CPU
		{B9365EDD-5A66-4282-ACE6-0A94DDE270A5}.Debug|x64.Build.0 = Debug|Any CPU
		{B9365EDD-5A66-4282-ACE6-0A94DDE270A5}.Debug|x86.ActiveCfg = Debug|Any CPU
		{B9365EDD-5A66-4282-ACE6-0A94DDE270A5}.Debug|x86.Build.0 = Debug|Any CPU
		{B9365EDD-5A66-4282-ACE6-0A94DDE270A5}.Release|Any CPU.ActiveCfg = Release|Any CPU
		{B9365EDD-5A66-4282-ACE6-0A94DDE270A5}.Release|Any CPU.Build.0 = Release|Any CPU
		{B9365EDD-5A66-4282-ACE6-0A94DDE270A5}.Release|x64.ActiveCfg = Release|Any CPU
		{B9365EDD-5A66-4282-ACE6-0A94DDE270A5}.Release|x64.Build.0 = Release|Any CPU
		{B9365EDD-5A66-4282-ACE6-0A94DDE270A5}.Release|x86.ActiveCfg = Release|Any CPU
		{B9365EDD-5A66-4282-ACE6-0A94DDE270A5}.Release|x86.Build.0 = Release|Any CPU
		{296F6F27-F360-4489-8F3B-30B6C8DEE093}.Debug|Any CPU.ActiveCfg = Debug|Any CPU
		{296F6F27-F360-4489-8F3B-30B6C8DEE093}.Debug|Any CPU.Build.0 = Debug|Any CPU
		{296F6F27-F360-4489-8F3B-30B6C8DEE093}.Debug|x64.ActiveCfg = Debug|Any CPU
		{296F6F27-F360-4489-8F3B-30B6C8DEE093}.Debug|x64.Build.0 = Debug|Any CPU
		{296F6F27-F360-4489-8F3B-30B6C8DEE093}.Debug|x86.ActiveCfg = Debug|Any CPU
		{296F6F27-F360-4489-8F3B-30B6C8DEE093}.Debug|x86.Build.0 = Debug|Any CPU
		{296F6F27-F360-4489-8F3B-30B6C8DEE093}.Release|Any CPU.ActiveCfg = Release|Any CPU
		{296F6F27-F360-4489-8F3B-30B6C8DEE093}.Release|Any CPU.Build.0 = Release|Any CPU
		{296F6F27-F360-4489-8F3B-30B6C8DEE093}.Release|x64.ActiveCfg = Release|Any CPU
		{296F6F27-F360-4489-8F3B-30B6C8DEE093}.Release|x64.Build.0 = Release|Any CPU
		{296F6F27-F360-4489-8F3B-30B6C8DEE093}.Release|x86.ActiveCfg = Release|Any CPU
		{296F6F27-F360-4489-8F3B-30B6C8DEE093}.Release|x86.Build.0 = Release|Any CPU
		{B56EFCA4-7C77-4A97-BD2B-34AABD13AB14}.Debug|Any CPU.ActiveCfg = Debug|Any CPU
		{B56EFCA4-7C77-4A97-BD2B-34AABD13AB14}.Debug|Any CPU.Build.0 = Debug|Any CPU
		{B56EFCA4-7C77-4A97-BD2B-34AABD13AB14}.Debug|x64.ActiveCfg = Debug|Any CPU
		{B56EFCA4-7C77-4A97-BD2B-34AABD13AB14}.Debug|x64.Build.0 = Debug|Any CPU
		{B56EFCA4-7C77-4A97-BD2B-34AABD13AB14}.Debug|x86.ActiveCfg = Debug|Any CPU
		{B56EFCA4-7C77-4A97-BD2B-34AABD13AB14}.Debug|x86.Build.0 = Debug|Any CPU
		{B56EFCA4-7C77-4A97-BD2B-34AABD13AB14}.Release|Any CPU.ActiveCfg = Release|Any CPU
		{B56EFCA4-7C77-4A97-BD2B-34AABD13AB14}.Release|Any CPU.Build.0 = Release|Any CPU
		{B56EFCA4-7C77-4A97-BD2B-34AABD13AB14}.Release|x64.ActiveCfg = Release|Any CPU
		{B56EFCA4-7C77-4A97-BD2B-34AABD13AB14}.Release|x64.Build.0 = Release|Any CPU
		{B56EFCA4-7C77-4A97-BD2B-34AABD13AB14}.Release|x86.ActiveCfg = Release|Any CPU
		{B56EFCA4-7C77-4A97-BD2B-34AABD13AB14}.Release|x86.Build.0 = Release|Any CPU
		{879C6C9A-5D7A-451E-8AB4-FC4B884C004A}.Debug|Any CPU.ActiveCfg = Debug|Any CPU
		{879C6C9A-5D7A-451E-8AB4-FC4B884C004A}.Debug|Any CPU.Build.0 = Debug|Any CPU
		{879C6C9A-5D7A-451E-8AB4-FC4B884C004A}.Debug|x64.ActiveCfg = Debug|Any CPU
		{879C6C9A-5D7A-451E-8AB4-FC4B884C004A}.Debug|x64.Build.0 = Debug|Any CPU
		{879C6C9A-5D7A-451E-8AB4-FC4B884C004A}.Debug|x86.ActiveCfg = Debug|Any CPU
		{879C6C9A-5D7A-451E-8AB4-FC4B884C004A}.Debug|x86.Build.0 = Debug|Any CPU
		{879C6C9A-5D7A-451E-8AB4-FC4B884C004A}.Release|Any CPU.ActiveCfg = Release|Any CPU
		{879C6C9A-5D7A-451E-8AB4-FC4B884C004A}.Release|Any CPU.Build.0 = Release|Any CPU
		{879C6C9A-5D7A-451E-8AB4-FC4B884C004A}.Release|x64.ActiveCfg = Release|Any CPU
		{879C6C9A-5D7A-451E-8AB4-FC4B884C004A}.Release|x64.Build.0 = Release|Any CPU
		{879C6C9A-5D7A-451E-8AB4-FC4B884C004A}.Release|x86.ActiveCfg = Release|Any CPU
		{879C6C9A-5D7A-451E-8AB4-FC4B884C004A}.Release|x86.Build.0 = Release|Any CPU
		{FC2F695E-D78D-47C4-86CC-5415E6336C19}.Debug|Any CPU.ActiveCfg = Debug|Any CPU
		{FC2F695E-D78D-47C4-86CC-5415E6336C19}.Debug|Any CPU.Build.0 = Debug|Any CPU
		{FC2F695E-D78D-47C4-86CC-5415E6336C19}.Debug|x64.ActiveCfg = Debug|Any CPU
		{FC2F695E-D78D-47C4-86CC-5415E6336C19}.Debug|x64.Build.0 = Debug|Any CPU
		{FC2F695E-D78D-47C4-86CC-5415E6336C19}.Debug|x86.ActiveCfg = Debug|Any CPU
		{FC2F695E-D78D-47C4-86CC-5415E6336C19}.Debug|x86.Build.0 = Debug|Any CPU
		{FC2F695E-D78D-47C4-86CC-5415E6336C19}.Release|Any CPU.ActiveCfg = Release|Any CPU
		{FC2F695E-D78D-47C4-86CC-5415E6336C19}.Release|Any CPU.Build.0 = Release|Any CPU
		{FC2F695E-D78D-47C4-86CC-5415E6336C19}.Release|x64.ActiveCfg = Release|Any CPU
		{FC2F695E-D78D-47C4-86CC-5415E6336C19}.Release|x64.Build.0 = Release|Any CPU
		{FC2F695E-D78D-47C4-86CC-5415E6336C19}.Release|x86.ActiveCfg = Release|Any CPU
		{FC2F695E-D78D-47C4-86CC-5415E6336C19}.Release|x86.Build.0 = Release|Any CPU
		{42E32A0A-8F79-4DB1-AF3A-D20868EC640B}.Debug|Any CPU.ActiveCfg = Debug|Any CPU
		{42E32A0A-8F79-4DB1-AF3A-D20868EC640B}.Debug|Any CPU.Build.0 = Debug|Any CPU
		{42E32A0A-8F79-4DB1-AF3A-D20868EC640B}.Debug|x64.ActiveCfg = Debug|Any CPU
		{42E32A0A-8F79-4DB1-AF3A-D20868EC640B}.Debug|x64.Build.0 = Debug|Any CPU
		{42E32A0A-8F79-4DB1-AF3A-D20868EC640B}.Debug|x86.ActiveCfg = Debug|Any CPU
		{42E32A0A-8F79-4DB1-AF3A-D20868EC640B}.Debug|x86.Build.0 = Debug|Any CPU
		{42E32A0A-8F79-4DB1-AF3A-D20868EC640B}.Release|Any CPU.ActiveCfg = Release|Any CPU
		{42E32A0A-8F79-4DB1-AF3A-D20868EC640B}.Release|Any CPU.Build.0 = Release|Any CPU
		{42E32A0A-8F79-4DB1-AF3A-D20868EC640B}.Release|x64.ActiveCfg = Release|Any CPU
		{42E32A0A-8F79-4DB1-AF3A-D20868EC640B}.Release|x64.Build.0 = Release|Any CPU
		{42E32A0A-8F79-4DB1-AF3A-D20868EC640B}.Release|x86.ActiveCfg = Release|Any CPU
		{42E32A0A-8F79-4DB1-AF3A-D20868EC640B}.Release|x86.Build.0 = Release|Any CPU
		{3A2727CD-69FF-4CF5-B019-54EAAEE8DE26}.Debug|Any CPU.ActiveCfg = Debug|Any CPU
		{3A2727CD-69FF-4CF5-B019-54EAAEE8DE26}.Debug|Any CPU.Build.0 = Debug|Any CPU
		{3A2727CD-69FF-4CF5-B019-54EAAEE8DE26}.Debug|x64.ActiveCfg = Debug|Any CPU
		{3A2727CD-69FF-4CF5-B019-54EAAEE8DE26}.Debug|x64.Build.0 = Debug|Any CPU
		{3A2727CD-69FF-4CF5-B019-54EAAEE8DE26}.Debug|x86.ActiveCfg = Debug|Any CPU
		{3A2727CD-69FF-4CF5-B019-54EAAEE8DE26}.Debug|x86.Build.0 = Debug|Any CPU
		{3A2727CD-69FF-4CF5-B019-54EAAEE8DE26}.Release|Any CPU.ActiveCfg = Release|Any CPU
		{3A2727CD-69FF-4CF5-B019-54EAAEE8DE26}.Release|Any CPU.Build.0 = Release|Any CPU
		{3A2727CD-69FF-4CF5-B019-54EAAEE8DE26}.Release|x64.ActiveCfg = Release|Any CPU
		{3A2727CD-69FF-4CF5-B019-54EAAEE8DE26}.Release|x64.Build.0 = Release|Any CPU
		{3A2727CD-69FF-4CF5-B019-54EAAEE8DE26}.Release|x86.ActiveCfg = Release|Any CPU
		{3A2727CD-69FF-4CF5-B019-54EAAEE8DE26}.Release|x86.Build.0 = Release|Any CPU
		{5730D324-C502-4D23-99D2-834F53836EF2}.Debug|Any CPU.ActiveCfg = Debug|Any CPU
		{5730D324-C502-4D23-99D2-834F53836EF2}.Debug|Any CPU.Build.0 = Debug|Any CPU
		{5730D324-C502-4D23-99D2-834F53836EF2}.Debug|x64.ActiveCfg = Debug|Any CPU
		{5730D324-C502-4D23-99D2-834F53836EF2}.Debug|x64.Build.0 = Debug|Any CPU
		{5730D324-C502-4D23-99D2-834F53836EF2}.Debug|x86.ActiveCfg = Debug|Any CPU
		{5730D324-C502-4D23-99D2-834F53836EF2}.Debug|x86.Build.0 = Debug|Any CPU
		{5730D324-C502-4D23-99D2-834F53836EF2}.Release|Any CPU.ActiveCfg = Release|Any CPU
		{5730D324-C502-4D23-99D2-834F53836EF2}.Release|Any CPU.Build.0 = Release|Any CPU
		{5730D324-C502-4D23-99D2-834F53836EF2}.Release|x64.ActiveCfg = Release|Any CPU
		{5730D324-C502-4D23-99D2-834F53836EF2}.Release|x64.Build.0 = Release|Any CPU
		{5730D324-C502-4D23-99D2-834F53836EF2}.Release|x86.ActiveCfg = Release|Any CPU
		{5730D324-C502-4D23-99D2-834F53836EF2}.Release|x86.Build.0 = Release|Any CPU
		{D59CC83E-B633-459B-BBD7-CD69E43EDED6}.Debug|Any CPU.ActiveCfg = Debug|Any CPU
		{D59CC83E-B633-459B-BBD7-CD69E43EDED6}.Debug|Any CPU.Build.0 = Debug|Any CPU
		{D59CC83E-B633-459B-BBD7-CD69E43EDED6}.Debug|x64.ActiveCfg = Debug|Any CPU
		{D59CC83E-B633-459B-BBD7-CD69E43EDED6}.Debug|x64.Build.0 = Debug|Any CPU
		{D59CC83E-B633-459B-BBD7-CD69E43EDED6}.Debug|x86.ActiveCfg = Debug|Any CPU
		{D59CC83E-B633-459B-BBD7-CD69E43EDED6}.Debug|x86.Build.0 = Debug|Any CPU
		{D59CC83E-B633-459B-BBD7-CD69E43EDED6}.Release|Any CPU.ActiveCfg = Release|Any CPU
		{D59CC83E-B633-459B-BBD7-CD69E43EDED6}.Release|Any CPU.Build.0 = Release|Any CPU
		{D59CC83E-B633-459B-BBD7-CD69E43EDED6}.Release|x64.ActiveCfg = Release|Any CPU
		{D59CC83E-B633-459B-BBD7-CD69E43EDED6}.Release|x64.Build.0 = Release|Any CPU
		{D59CC83E-B633-459B-BBD7-CD69E43EDED6}.Release|x86.ActiveCfg = Release|Any CPU
		{D59CC83E-B633-459B-BBD7-CD69E43EDED6}.Release|x86.Build.0 = Release|Any CPU
	EndGlobalSection
	GlobalSection(SolutionProperties) = preSolution
		HideSolutionNode = FALSE
	EndGlobalSection
	GlobalSection(NestedProjects) = preSolution
		{EC447DCF-ABFA-6E24-52A5-D7FD48A5C558} = {827E0CD3-B72D-47B6-A68D-7590B98EB39B}
		{75CCF984-CC24-0CB6-2FE4-5CB2D9F94FE4} = {EC447DCF-ABFA-6E24-52A5-D7FD48A5C558}
		{F405D23F-50E4-4A58-A3AE-B9AD08124B2A} = {75CCF984-CC24-0CB6-2FE4-5CB2D9F94FE4}
		{7356893A-3B48-417E-B6BE-3955F133DCFF} = {75CCF984-CC24-0CB6-2FE4-5CB2D9F94FE4}
		{A6B5A288-CBA4-4675-90C8-3AA641F07B0F} = {75CCF984-CC24-0CB6-2FE4-5CB2D9F94FE4}
		{33C3471C-F9A6-4EA8-B8B8-5658B3789768} = {75CCF984-CC24-0CB6-2FE4-5CB2D9F94FE4}
		{838A89C4-7530-49DD-B0A7-E4042F9D891D} = {75CCF984-CC24-0CB6-2FE4-5CB2D9F94FE4}
		{C9724487-78E3-24FA-CA4C-3D127A62BE6E} = {EC447DCF-ABFA-6E24-52A5-D7FD48A5C558}
		{A0C5ADE6-EB55-45C3-9DFE-2752F5590AD5} = {C9724487-78E3-24FA-CA4C-3D127A62BE6E}
		{73F378B3-4C0A-40D1-B595-7E81D62F0E33} = {C9724487-78E3-24FA-CA4C-3D127A62BE6E}
		{1E91697E-CFBA-47C0-8FE8-23BFE7F311A7} = {C9724487-78E3-24FA-CA4C-3D127A62BE6E}
		{3FCA38B5-68D9-4C53-BD5A-8552A61C1881} = {C9724487-78E3-24FA-CA4C-3D127A62BE6E}
		{B9365EDD-5A66-4282-ACE6-0A94DDE270A5} = {C9724487-78E3-24FA-CA4C-3D127A62BE6E}
		{FC15485C-DEDA-FAD7-9DC0-92F66DE2726C} = {EC447DCF-ABFA-6E24-52A5-D7FD48A5C558}
		{296F6F27-F360-4489-8F3B-30B6C8DEE093} = {FC15485C-DEDA-FAD7-9DC0-92F66DE2726C}
		{B56EFCA4-7C77-4A97-BD2B-34AABD13AB14} = {FC15485C-DEDA-FAD7-9DC0-92F66DE2726C}
		{879C6C9A-5D7A-451E-8AB4-FC4B884C004A} = {FC15485C-DEDA-FAD7-9DC0-92F66DE2726C}
		{FC2F695E-D78D-47C4-86CC-5415E6336C19} = {FC15485C-DEDA-FAD7-9DC0-92F66DE2726C}
		{42E32A0A-8F79-4DB1-AF3A-D20868EC640B} = {FC15485C-DEDA-FAD7-9DC0-92F66DE2726C}
		{3A2727CD-69FF-4CF5-B019-54EAAEE8DE26} = {827E0CD3-B72D-47B6-A68D-7590B98EB39B}
		{5730D324-C502-4D23-99D2-834F53836EF2} = {827E0CD3-B72D-47B6-A68D-7590B98EB39B}
		{D59CC83E-B633-459B-BBD7-CD69E43EDED6} = {827E0CD3-B72D-47B6-A68D-7590B98EB39B}
	EndGlobalSection
EndGlobal
